{
	"name": "@anchan828/nest-bull",
	"version": "0.5.19",
	"lockfileVersion": 1,
	"requires": true,
	"dependencies": {
		"@nodelib/fs.scandir": {
			"version": "2.1.4",
			"resolved": "https://registry.npmjs.org/@nodelib/fs.scandir/-/fs.scandir-2.1.4.tgz",
			"integrity": "sha512-33g3pMJk3bg5nXbL/+CY6I2eJDzZAni49PfJnL5fghPTggPvBd/pFNSgJsdAgWptuFu7qq/ERvOYFlhvsLTCKA==",
			"requires": {
				"@nodelib/fs.stat": "2.0.4",
				"run-parallel": "^1.1.9"
			}
		},
		"@nodelib/fs.stat": {
			"version": "2.0.4",
			"resolved": "https://registry.npmjs.org/@nodelib/fs.stat/-/fs.stat-2.0.4.tgz",
			"integrity": "sha512-IYlHJA0clt2+Vg7bccq+TzRdJvv19c2INqBSsoOLp1je7xjtr7J26+WXR72MCdvU9q1qTzIWDfhMf+DRvQJK4Q=="
		},
		"@nodelib/fs.walk": {
			"version": "1.2.6",
			"resolved": "https://registry.npmjs.org/@nodelib/fs.walk/-/fs.walk-1.2.6.tgz",
			"integrity": "sha512-8Broas6vTtW4GIXTAHDoE32hnN2M5ykgCpWGbuXHQ15vEMqr23pB76e/GZcYsZCHALv50ktd24qhEyKr6wBtow==",
			"requires": {
				"@nodelib/fs.scandir": "2.1.4",
				"fastq": "^1.6.0"
			}
		},
		"@types/bull": {
			"version": "3.15.0",
			"resolved": "https://registry.npmjs.org/@types/bull/-/bull-3.15.0.tgz",
			"integrity": "sha512-54Y1RYkJt6i+4dH45w4gZOP6fyhksTvOImfgBYAxgq/nt5ZrES4xFWwOzt2bxAgSR7FMH9fwvaiJN/pripPzag==",
			"dev": true,
			"requires": {
				"@types/ioredis": "*"
			}
		},
		"@types/ioredis": {
			"version": "4.19.0",
			"resolved": "https://registry.npmjs.org/@types/ioredis/-/ioredis-4.19.0.tgz",
			"integrity": "sha512-fi6Jy3eV4B27TRKxjL2vjLSIRo7qfKK7fweYKPMrRW3HXK/g8Jn3YTe2H+14qperWEEBC9S5KKc/FW2k22UIPg==",
			"dev": true,
			"requires": {
				"@types/node": "*"
			}
		},
		"@types/node": {
			"version": "14.14.21",
			"resolved": "https://registry.npmjs.org/@types/node/-/node-14.14.21.tgz",
			"integrity": "sha512-cHYfKsnwllYhjOzuC5q1VpguABBeecUp24yFluHpn/BQaVxB1CuQ1FSRZCzrPxrkIfWISXV2LbeoBthLWg0+0A==",
			"dev": true
		},
		"braces": {
			"version": "3.0.2",
			"resolved": "https://registry.npmjs.org/braces/-/braces-3.0.2.tgz",
			"integrity": "sha512-b8um+L1RzM3WDSzvhm6gIz1yfTbBt6YTlcEKAvsmqCZZFw46z626lVj9j1yEPW33H5H+lBQpZMP1k8l+78Ha0A==",
			"requires": {
				"fill-range": "^7.0.1"
			}
		},
		"bull": {
			"version": "3.22.0",
			"resolved": "https://registry.npmjs.org/bull/-/bull-3.22.0.tgz",
			"integrity": "sha512-csQTIuvoKnVuW6gbZmIe9mVkLy2DzvRodywjXN7cfYlvXKme3156FIc1Zssn5IRKpDKyyq0++AYsLO4mdtnf0Q==",
			"dev": true,
			"requires": {
				"cron-parser": "^2.13.0",
				"debuglog": "^1.0.0",
				"get-port": "^5.1.1",
				"ioredis": "^4.22.0",
				"lodash": "^4.17.21",
				"p-timeout": "^3.2.0",
				"promise.prototype.finally": "^3.1.2",
				"semver": "^7.3.2",
				"util.promisify": "^1.0.1",
				"uuid": "^8.3.0"
			}
		},
		"call-bind": {
			"version": "1.0.2",
			"resolved": "https://registry.npmjs.org/call-bind/-/call-bind-1.0.2.tgz",
			"integrity": "sha512-7O+FbCihrB5WGbFYesctwmTKae6rOiIzmz1icreWJ+0aA7LJfuqhEso2T9ncpcFtzMQtzXf2QGGueWJGTYsqrA==",
			"dev": true,
			"requires": {
				"function-bind": "^1.1.1",
				"get-intrinsic": "^1.0.2"
			}
		},
		"cluster-key-slot": {
			"version": "1.1.0",
			"resolved": "https://registry.npmjs.org/cluster-key-slot/-/cluster-key-slot-1.1.0.tgz",
			"integrity": "sha512-2Nii8p3RwAPiFwsnZvukotvow2rIHM+yQ6ZcBXGHdniadkYGZYiGmkHJIbZPIV9nfv7m/U1IPMVVcAhoWFeklw==",
			"dev": true
		},
		"cron-parser": {
			"version": "2.18.0",
			"resolved": "https://registry.npmjs.org/cron-parser/-/cron-parser-2.18.0.tgz",
			"integrity": "sha512-s4odpheTyydAbTBQepsqd2rNWGa2iV3cyo8g7zbI2QQYGLVsfbhmwukayS1XHppe02Oy1fg7mg6xoaraVJeEcg==",
			"dev": true,
			"requires": {
				"is-nan": "^1.3.0",
				"moment-timezone": "^0.5.31"
			}
		},
		"debug": {
			"version": "4.3.1",
			"resolved": "https://registry.npmjs.org/debug/-/debug-4.3.1.tgz",
			"integrity": "sha512-doEwdvm4PCeK4K3RQN2ZC2BYUBaxwLARCqZmMjtF8a51J2Rb0xpVloFRnCODwqjpwnAoao4pelN8l3RJdv3gRQ==",
			"dev": true,
			"requires": {
				"ms": "2.1.2"
			}
		},
		"debuglog": {
			"version": "1.0.1",
			"resolved": "https://registry.npmjs.org/debuglog/-/debuglog-1.0.1.tgz",
			"integrity": "sha1-qiT/uaw9+aI1GDfPstJ5NgzXhJI=",
			"dev": true
		},
		"deepmerge": {
			"version": "4.2.2",
			"resolved": "https://registry.npmjs.org/deepmerge/-/deepmerge-4.2.2.tgz",
			"integrity": "sha512-FJ3UgI4gIl+PHZm53knsuSFpE+nESMr7M4v9QcgB7S63Kj/6WqMiFQJpBBYz1Pt+66bZpP3Q7Lye0Oo9MPKEdg=="
		},
		"define-properties": {
			"version": "1.1.3",
			"resolved": "https://registry.npmjs.org/define-properties/-/define-properties-1.1.3.tgz",
			"integrity": "sha512-3MqfYKj2lLzdMSf8ZIZE/V+Zuy+BgD6f164e8K2w7dgnpKArBDerGYpM46IYYcjnkdPNMjPk9A6VFB8+3SKlXQ==",
			"dev": true,
			"requires": {
				"object-keys": "^1.0.12"
			}
		},
		"denque": {
			"version": "1.5.0",
			"resolved": "https://registry.npmjs.org/denque/-/denque-1.5.0.tgz",
			"integrity": "sha512-CYiCSgIF1p6EUByQPlGkKnP1M9g0ZV3qMIrqMqZqdwazygIA/YP2vrbcyl1h/WppKJTdl1F85cXIle+394iDAQ==",
			"dev": true
		},
		"es-abstract": {
			"version": "1.18.0",
			"resolved": "https://registry.npmjs.org/es-abstract/-/es-abstract-1.18.0.tgz",
			"integrity": "sha512-LJzK7MrQa8TS0ja2w3YNLzUgJCGPdPOV1yVvezjNnS89D+VR08+Szt2mz3YB2Dck/+w5tfIq/RoUAFqJJGM2yw==",
			"dev": true,
			"requires": {
				"call-bind": "^1.0.2",
				"es-to-primitive": "^1.2.1",
				"function-bind": "^1.1.1",
				"get-intrinsic": "^1.1.1",
				"has": "^1.0.3",
				"has-symbols": "^1.0.2",
				"is-callable": "^1.2.3",
				"is-negative-zero": "^2.0.1",
				"is-regex": "^1.1.2",
				"is-string": "^1.0.5",
				"object-inspect": "^1.9.0",
				"object-keys": "^1.1.1",
				"object.assign": "^4.1.2",
				"string.prototype.trimend": "^1.0.4",
				"string.prototype.trimstart": "^1.0.4",
				"unbox-primitive": "^1.0.0"
			}
		},
		"es-to-primitive": {
			"version": "1.2.1",
			"resolved": "https://registry.npmjs.org/es-to-primitive/-/es-to-primitive-1.2.1.tgz",
			"integrity": "sha512-QCOllgZJtaUo9miYBcLChTUaHNjJF3PYs1VidD7AwiEj1kYxKeQTctLAezAOH5ZKRH0g2IgPn6KwB4IT8iRpvA==",
			"dev": true,
			"requires": {
				"is-callable": "^1.1.4",
				"is-date-object": "^1.0.1",
				"is-symbol": "^1.0.2"
			}
		},
		"fast-glob": {
			"version": "3.2.5",
			"resolved": "https://registry.npmjs.org/fast-glob/-/fast-glob-3.2.5.tgz",
			"integrity": "sha512-2DtFcgT68wiTTiwZ2hNdJfcHNke9XOfnwmBRWXhmeKM8rF0TGwmC/Qto3S7RoZKp5cilZbxzO5iTNTQsJ+EeDg==",
			"requires": {
				"@nodelib/fs.stat": "^2.0.2",
				"@nodelib/fs.walk": "^1.2.3",
				"glob-parent": "^5.1.0",
				"merge2": "^1.3.0",
				"micromatch": "^4.0.2",
				"picomatch": "^2.2.1"
			}
		},
		"fastq": {
			"version": "1.10.0",
			"resolved": "https://registry.npmjs.org/fastq/-/fastq-1.10.0.tgz",
			"integrity": "sha512-NL2Qc5L3iQEsyYzweq7qfgy5OtXCmGzGvhElGEd/SoFWEMOEczNh5s5ocaF01HDetxz+p8ecjNPA6cZxxIHmzA==",
			"requires": {
				"reusify": "^1.0.4"
			}
		},
		"fill-range": {
			"version": "7.0.1",
			"resolved": "https://registry.npmjs.org/fill-range/-/fill-range-7.0.1.tgz",
			"integrity": "sha512-qOo9F+dMUmC2Lcb4BbVvnKJxTPjCm+RRpe4gDuGrzkL7mEVl/djYSu2OdQ2Pa302N4oqkSg9ir6jaLWJ2USVpQ==",
			"requires": {
				"to-regex-range": "^5.0.1"
			}
		},
		"for-each": {
			"version": "0.3.3",
			"resolved": "https://registry.npmjs.org/for-each/-/for-each-0.3.3.tgz",
			"integrity": "sha512-jqYfLp7mo9vIyQf8ykW2v7A+2N4QjeCeI5+Dz9XraiO1ign81wjiH7Fb9vSOWvQfNtmSa4H2RoQTrrXivdUZmw==",
			"dev": true,
			"requires": {
				"is-callable": "^1.1.3"
			}
		},
		"function-bind": {
			"version": "1.1.1",
			"resolved": "https://registry.npmjs.org/function-bind/-/function-bind-1.1.1.tgz",
			"integrity": "sha512-yIovAzMX49sF8Yl58fSCWJ5svSLuaibPxXQJFLmBObTuCr0Mf1KiPopGM9NiFjiYBCbfaa2Fh6breQ6ANVTI0A==",
			"dev": true
		},
		"get-intrinsic": {
			"version": "1.1.1",
			"resolved": "https://registry.npmjs.org/get-intrinsic/-/get-intrinsic-1.1.1.tgz",
			"integrity": "sha512-kWZrnVM42QCiEA2Ig1bG8zjoIMOgxWwYCEeNdwY6Tv/cOSeGpcoX4pXHfKUxNKVoArnrEr2e9srnAxxGIraS9Q==",
			"dev": true,
			"requires": {
				"function-bind": "^1.1.1",
				"has": "^1.0.3",
				"has-symbols": "^1.0.1"
			}
		},
		"get-port": {
			"version": "5.1.1",
			"resolved": "https://registry.npmjs.org/get-port/-/get-port-5.1.1.tgz",
			"integrity": "sha512-g/Q1aTSDOxFpchXC4i8ZWvxA1lnPqx/JHqcpIw0/LX9T8x/GBbi6YnlN5nhaKIFkT8oFsscUKgDJYxfwfS6QsQ==",
			"dev": true
		},
		"glob-parent": {
			"version": "5.1.1",
			"resolved": "https://registry.npmjs.org/glob-parent/-/glob-parent-5.1.1.tgz",
			"integrity": "sha512-FnI+VGOpnlGHWZxthPGR+QhR78fuiK0sNLkHQv+bL9fQi57lNNdquIbna/WrfROrolq8GK5Ek6BiMwqL/voRYQ==",
			"requires": {
				"is-glob": "^4.0.1"
			}
		},
		"has": {
			"version": "1.0.3",
			"resolved": "https://registry.npmjs.org/has/-/has-1.0.3.tgz",
			"integrity": "sha512-f2dvO0VU6Oej7RkWJGrehjbzMAjFp5/VKPp5tTpWIV4JHHZK1/BxbFRtf/siA2SWTe09caDmVtYYzWEIbBS4zw==",
			"dev": true,
			"requires": {
				"function-bind": "^1.1.1"
			}
		},
		"has-bigints": {
			"version": "1.0.1",
			"resolved": "https://registry.npmjs.org/has-bigints/-/has-bigints-1.0.1.tgz",
			"integrity": "sha512-LSBS2LjbNBTf6287JEbEzvJgftkF5qFkmCo9hDRpAzKhUOlJ+hx8dd4USs00SgsUNwc4617J9ki5YtEClM2ffA==",
			"dev": true
		},
		"has-symbols": {
			"version": "1.0.2",
			"resolved": "https://registry.npmjs.org/has-symbols/-/has-symbols-1.0.2.tgz",
			"integrity": "sha512-chXa79rL/UC2KlX17jo3vRGz0azaWEx5tGqZg5pO3NUyEJVB17dMruQlzCCOfUvElghKcm5194+BCRvi2Rv/Gw==",
			"dev": true
		},
		"ioredis": {
			"version": "4.24.4",
			"resolved": "https://registry.npmjs.org/ioredis/-/ioredis-4.24.4.tgz",
			"integrity": "sha512-v28xxBENyTmReC6lVTL7EkAPjVF8cuGtDEjGDi1Z2n7htsC2WdiDceZrCIPeuPiLa6kDFWHb1Y8O0upZROsMgA==",
			"dev": true,
			"requires": {
				"cluster-key-slot": "^1.1.0",
				"debug": "^4.3.1",
				"denque": "^1.1.0",
				"lodash.defaults": "^4.2.0",
				"lodash.flatten": "^4.4.0",
				"p-map": "^2.1.0",
				"redis-commands": "1.7.0",
				"redis-errors": "^1.2.0",
				"redis-parser": "^3.0.0",
				"standard-as-callback": "^2.1.0"
			}
		},
		"is-bigint": {
			"version": "1.0.1",
			"resolved": "https://registry.npmjs.org/is-bigint/-/is-bigint-1.0.1.tgz",
			"integrity": "sha512-J0ELF4yHFxHy0cmSxZuheDOz2luOdVvqjwmEcj8H/L1JHeuEDSDbeRP+Dk9kFVk5RTFzbucJ2Kb9F7ixY2QaCg==",
			"dev": true
		},
		"is-boolean-object": {
			"version": "1.1.0",
			"resolved": "https://registry.npmjs.org/is-boolean-object/-/is-boolean-object-1.1.0.tgz",
			"integrity": "sha512-a7Uprx8UtD+HWdyYwnD1+ExtTgqQtD2k/1yJgtXP6wnMm8byhkoTZRl+95LLThpzNZJ5aEvi46cdH+ayMFRwmA==",
			"dev": true,
			"requires": {
				"call-bind": "^1.0.0"
			}
		},
		"is-callable": {
			"version": "1.2.3",
			"resolved": "https://registry.npmjs.org/is-callable/-/is-callable-1.2.3.tgz",
			"integrity": "sha512-J1DcMe8UYTBSrKezuIUTUwjXsho29693unXM2YhJUTR2txK/eG47bvNa/wipPFmZFgr/N6f1GA66dv0mEyTIyQ==",
			"dev": true
		},
		"is-date-object": {
			"version": "1.0.2",
			"resolved": "https://registry.npmjs.org/is-date-object/-/is-date-object-1.0.2.tgz",
			"integrity": "sha512-USlDT524woQ08aoZFzh3/Z6ch9Y/EWXEHQ/AaRN0SkKq4t2Jw2R2339tSXmwuVoY7LLlBCbOIlx2myP/L5zk0g==",
			"dev": true
		},
		"is-extglob": {
			"version": "2.1.1",
			"resolved": "https://registry.npmjs.org/is-extglob/-/is-extglob-2.1.1.tgz",
			"integrity": "sha1-qIwCU1eR8C7TfHahueqXc8gz+MI="
		},
		"is-glob": {
			"version": "4.0.1",
			"resolved": "https://registry.npmjs.org/is-glob/-/is-glob-4.0.1.tgz",
			"integrity": "sha512-5G0tKtBTFImOqDnLB2hG6Bp2qcKEFduo4tZu9MT/H6NQv/ghhy30o55ufafxJ/LdH79LLs2Kfrn85TLKyA7BUg==",
			"requires": {
				"is-extglob": "^2.1.1"
			}
		},
		"is-nan": {
			"version": "1.3.2",
			"resolved": "https://registry.npmjs.org/is-nan/-/is-nan-1.3.2.tgz",
			"integrity": "sha512-E+zBKpQ2t6MEo1VsonYmluk9NxGrbzpeeLC2xIViuO2EjU2xsXsBPwTr3Ykv9l08UYEVEdWeRZNouaZqF6RN0w==",
			"dev": true,
			"requires": {
				"call-bind": "^1.0.0",
				"define-properties": "^1.1.3"
			}
		},
		"is-negative-zero": {
			"version": "2.0.1",
			"resolved": "https://registry.npmjs.org/is-negative-zero/-/is-negative-zero-2.0.1.tgz",
			"integrity": "sha512-2z6JzQvZRa9A2Y7xC6dQQm4FSTSTNWjKIYYTt4246eMTJmIo0Q+ZyOsU66X8lxK1AbB92dFeglPLrhwpeRKO6w==",
			"dev": true
		},
		"is-number": {
			"version": "7.0.0",
			"resolved": "https://registry.npmjs.org/is-number/-/is-number-7.0.0.tgz",
			"integrity": "sha512-41Cifkg6e8TylSpdtTpeLVMqvSBEVzTttHvERD741+pnZ8ANv0004MRL43QKPDlK9cGvNp6NZWZUBlbGXYxxng=="
		},
		"is-number-object": {
			"version": "1.0.4",
			"resolved": "https://registry.npmjs.org/is-number-object/-/is-number-object-1.0.4.tgz",
			"integrity": "sha512-zohwelOAur+5uXtk8O3GPQ1eAcu4ZX3UwxQhUlfFFMNpUd83gXgjbhJh6HmB6LUNV/ieOLQuDwJO3dWJosUeMw==",
			"dev": true
		},
		"is-regex": {
			"version": "1.1.2",
			"resolved": "https://registry.npmjs.org/is-regex/-/is-regex-1.1.2.tgz",
			"integrity": "sha512-axvdhb5pdhEVThqJzYXwMlVuZwC+FF2DpcOhTS+y/8jVq4trxyPgfcwIxIKiyeuLlSQYKkmUaPQJ8ZE4yNKXDg==",
			"dev": true,
			"requires": {
				"call-bind": "^1.0.2",
				"has-symbols": "^1.0.1"
			}
		},
		"is-string": {
			"version": "1.0.5",
			"resolved": "https://registry.npmjs.org/is-string/-/is-string-1.0.5.tgz",
			"integrity": "sha512-buY6VNRjhQMiF1qWDouloZlQbRhDPCebwxSjxMjxgemYT46YMd2NR0/H+fBhEfWX4A/w9TBJ+ol+okqJKFE6vQ==",
			"dev": true
		},
		"is-symbol": {
			"version": "1.0.3",
			"resolved": "https://registry.npmjs.org/is-symbol/-/is-symbol-1.0.3.tgz",
			"integrity": "sha512-OwijhaRSgqvhm/0ZdAcXNZt9lYdKFpcRDT5ULUuYXPoT794UNOdU+gpT6Rzo7b4V2HUl/op6GqY894AZwv9faQ==",
			"dev": true,
			"requires": {
				"has-symbols": "^1.0.1"
			}
		},
		"lodash": {
			"version": "4.17.21",
			"resolved": "https://registry.npmjs.org/lodash/-/lodash-4.17.21.tgz",
			"integrity": "sha512-v2kDEe57lecTulaDIuNTPy3Ry4gLGJ6Z1O3vE1krgXZNrsQ+LFTGHVxVjcXPs17LhbZVGedAJv8XZ1tvj5FvSg==",
			"dev": true
		},
		"lodash.defaults": {
			"version": "4.2.0",
			"resolved": "https://registry.npmjs.org/lodash.defaults/-/lodash.defaults-4.2.0.tgz",
			"integrity": "sha1-0JF4cW/+pN3p5ft7N/bwgCJ0WAw=",
			"dev": true
		},
		"lodash.flatten": {
			"version": "4.4.0",
			"resolved": "https://registry.npmjs.org/lodash.flatten/-/lodash.flatten-4.4.0.tgz",
			"integrity": "sha1-8xwiIlqWMtK7+OSt2+8kCqdlph8=",
			"dev": true
		},
		"lru-cache": {
			"version": "6.0.0",
			"resolved": "https://registry.npmjs.org/lru-cache/-/lru-cache-6.0.0.tgz",
			"integrity": "sha512-Jo6dJ04CmSjuznwJSS3pUeWmd/H0ffTlkXXgwZi+eq1UCmqQwCh+eLsYOYCwY991i2Fah4h1BEMCx4qThGbsiA==",
			"dev": true,
			"requires": {
				"yallist": "^4.0.0"
			}
		},
		"merge2": {
			"version": "1.4.1",
			"resolved": "https://registry.npmjs.org/merge2/-/merge2-1.4.1.tgz",
			"integrity": "sha512-8q7VEgMJW4J8tcfVPy8g09NcQwZdbwFEqhe/WZkoIzjn/3TGDwtOCYtXGxA3O8tPzpczCCDgv+P2P5y00ZJOOg=="
		},
		"micromatch": {
			"version": "4.0.2",
			"resolved": "https://registry.npmjs.org/micromatch/-/micromatch-4.0.2.tgz",
			"integrity": "sha512-y7FpHSbMUMoyPbYUSzO6PaZ6FyRnQOpHuKwbo1G+Knck95XVU4QAiKdGEnj5wwoS7PlOgthX/09u5iFJ+aYf5Q==",
			"requires": {
				"braces": "^3.0.1",
				"picomatch": "^2.0.5"
			}
		},
		"moment": {
			"version": "2.29.1",
			"resolved": "https://registry.npmjs.org/moment/-/moment-2.29.1.tgz",
			"integrity": "sha512-kHmoybcPV8Sqy59DwNDY3Jefr64lK/by/da0ViFcuA4DH0vQg5Q6Ze5VimxkfQNSC+Mls/Kx53s7TjP1RhFEDQ==",
			"dev": true
		},
		"moment-timezone": {
			"version": "0.5.33",
			"resolved": "https://registry.npmjs.org/moment-timezone/-/moment-timezone-0.5.33.tgz",
			"integrity": "sha512-PTc2vcT8K9J5/9rDEPe5czSIKgLoGsH8UNpA4qZTVw0Vd/Uz19geE9abbIOQKaAQFcnQ3v5YEXrbSc5BpshH+w==",
			"dev": true,
			"requires": {
				"moment": ">= 2.9.0"
			}
		},
		"ms": {
			"version": "2.1.2",
			"resolved": "https://registry.npmjs.org/ms/-/ms-2.1.2.tgz",
			"integrity": "sha512-sGkPx+VjMtmA6MX27oA4FBFELFCZZ4S4XqeGOXCv68tT+jb3vk/RyaKWP0PTKyWtmLSM0b+adUTEvbs1PEaH2w==",
			"dev": true
		},
		"object-inspect": {
			"version": "1.9.0",
			"resolved": "https://registry.npmjs.org/object-inspect/-/object-inspect-1.9.0.tgz",
			"integrity": "sha512-i3Bp9iTqwhaLZBxGkRfo5ZbE07BQRT7MGu8+nNgwW9ItGp1TzCTw2DLEoWwjClxBjOFI/hWljTAmYGCEwmtnOw==",
			"dev": true
		},
		"object-keys": {
			"version": "1.1.1",
			"resolved": "https://registry.npmjs.org/object-keys/-/object-keys-1.1.1.tgz",
			"integrity": "sha512-NuAESUOUMrlIXOfHKzD6bpPu3tYt3xvjNdRIQ+FeT0lNb4K8WR70CaDxhuNguS2XG+GjkyMwOzsN5ZktImfhLA==",
			"dev": true
		},
		"object.assign": {
			"version": "4.1.2",
			"resolved": "https://registry.npmjs.org/object.assign/-/object.assign-4.1.2.tgz",
			"integrity": "sha512-ixT2L5THXsApyiUPYKmW+2EHpXXe5Ii3M+f4e+aJFAHao5amFRW6J0OO6c/LU8Be47utCx2GL89hxGB6XSmKuQ==",
			"dev": true,
			"requires": {
				"call-bind": "^1.0.0",
				"define-properties": "^1.1.3",
				"has-symbols": "^1.0.1",
				"object-keys": "^1.1.1"
			}
		},
		"object.getownpropertydescriptors": {
			"version": "2.1.2",
			"resolved": "https://registry.npmjs.org/object.getownpropertydescriptors/-/object.getownpropertydescriptors-2.1.2.tgz",
			"integrity": "sha512-WtxeKSzfBjlzL+F9b7M7hewDzMwy+C8NRssHd1YrNlzHzIDrXcXiNOMrezdAEM4UXixgV+vvnyBeN7Rygl2ttQ==",
			"dev": true,
			"requires": {
				"call-bind": "^1.0.2",
				"define-properties": "^1.1.3",
				"es-abstract": "^1.18.0-next.2"
			}
		},
		"p-finally": {
			"version": "1.0.0",
			"resolved": "https://registry.npmjs.org/p-finally/-/p-finally-1.0.0.tgz",
			"integrity": "sha1-P7z7FbiZpEEjs0ttzBi3JDNqLK4=",
			"dev": true
		},
		"p-map": {
			"version": "2.1.0",
			"resolved": "https://registry.npmjs.org/p-map/-/p-map-2.1.0.tgz",
			"integrity": "sha512-y3b8Kpd8OAN444hxfBbFfj1FY/RjtTd8tzYwhUqNYXx0fXx2iX4maP4Qr6qhIKbQXI02wTLAda4fYUbDagTUFw==",
			"dev": true
		},
		"p-timeout": {
			"version": "3.2.0",
			"resolved": "https://registry.npmjs.org/p-timeout/-/p-timeout-3.2.0.tgz",
			"integrity": "sha512-rhIwUycgwwKcP9yTOOFK/AKsAopjjCakVqLHePO3CC6Mir1Z99xT+R63jZxAT5lFZLa2inS5h+ZS2GvR99/FBg==",
			"dev": true,
			"requires": {
				"p-finally": "^1.0.0"
			}
		},
		"picomatch": {
			"version": "2.2.2",
			"resolved": "https://registry.npmjs.org/picomatch/-/picomatch-2.2.2.tgz",
			"integrity": "sha512-q0M/9eZHzmr0AulXyPwNfZjtwZ/RBZlbN3K3CErVrk50T2ASYI7Bye0EvekFY3IP1Nt2DHu0re+V2ZHIpMkuWg=="
		},
		"promise.prototype.finally": {
			"version": "3.1.2",
			"resolved": "https://registry.npmjs.org/promise.prototype.finally/-/promise.prototype.finally-3.1.2.tgz",
			"integrity": "sha512-A2HuJWl2opDH0EafgdjwEw7HysI8ff/n4lW4QEVBCUXFk9QeGecBWv0Deph0UmLe3tTNYegz8MOjsVuE6SMoJA==",
			"dev": true,
			"requires": {
				"define-properties": "^1.1.3",
				"es-abstract": "^1.17.0-next.0",
				"function-bind": "^1.1.1"
			}
		},
		"redis-commands": {
			"version": "1.7.0",
			"resolved": "https://registry.npmjs.org/redis-commands/-/redis-commands-1.7.0.tgz",
			"integrity": "sha512-nJWqw3bTFy21hX/CPKHth6sfhZbdiHP6bTawSgQBlKOVRG7EZkfHbbHwQJnrE4vsQf0CMNE+3gJ4Fmm16vdVlQ==",
			"dev": true
		},
		"redis-errors": {
			"version": "1.2.0",
			"resolved": "https://registry.npmjs.org/redis-errors/-/redis-errors-1.2.0.tgz",
			"integrity": "sha1-62LSrbFeTq9GEMBK/hUpOEJQq60=",
			"dev": true
		},
		"redis-parser": {
			"version": "3.0.0",
			"resolved": "https://registry.npmjs.org/redis-parser/-/redis-parser-3.0.0.tgz",
			"integrity": "sha1-tm2CjNyv5rS4pCin3vTGvKwxyLQ=",
			"dev": true,
			"requires": {
				"redis-errors": "^1.0.0"
			}
		},
		"reusify": {
			"version": "1.0.4",
			"resolved": "https://registry.npmjs.org/reusify/-/reusify-1.0.4.tgz",
			"integrity": "sha512-U9nH88a3fc/ekCF1l0/UP1IosiuIjyTh7hBvXVMHYgVcfGvt897Xguj2UOLDeI5BG2m7/uwyaLVT6fbtCwTyzw=="
		},
		"run-parallel": {
			"version": "1.1.10",
			"resolved": "https://registry.npmjs.org/run-parallel/-/run-parallel-1.1.10.tgz",
			"integrity": "sha512-zb/1OuZ6flOlH6tQyMPUrE3x3Ulxjlo9WIVXR4yVYi4H9UXQaeIsPbLn2R3O3vQCnDKkAl2qHiuocKKX4Tz/Sw=="
		},
		"semver": {
			"version": "7.3.5",
			"resolved": "https://registry.npmjs.org/semver/-/semver-7.3.5.tgz",
			"integrity": "sha512-PoeGJYh8HK4BTO/a9Tf6ZG3veo/A7ZVsYrSA6J8ny9nb3B1VrpkuN+z9OE5wfE5p6H4LchYZsegiQgbJD94ZFQ==",
			"dev": true,
			"requires": {
				"lru-cache": "^6.0.0"
			}
		},
		"standard-as-callback": {
			"version": "2.1.0",
			"resolved": "https://registry.npmjs.org/standard-as-callback/-/standard-as-callback-2.1.0.tgz",
			"integrity": "sha512-qoRRSyROncaz1z0mvYqIE4lCd9p2R90i6GxW3uZv5ucSu8tU7B5HXUP1gG8pVZsYNVaXjk8ClXHPttLyxAL48A==",
			"dev": true
		},
		"string.prototype.trimend": {
			"version": "1.0.4",
			"resolved": "https://registry.npmjs.org/string.prototype.trimend/-/string.prototype.trimend-1.0.4.tgz",
			"integrity": "sha512-y9xCjw1P23Awk8EvTpcyL2NIr1j7wJ39f+k6lvRnSMz+mz9CGz9NYPelDk42kOz6+ql8xjfK8oYzy3jAP5QU5A==",
			"dev": true,
			"requires": {
				"call-bind": "^1.0.2",
				"define-properties": "^1.1.3"
			}
		},
		"string.prototype.trimstart": {
			"version": "1.0.4",
			"resolved": "https://registry.npmjs.org/string.prototype.trimstart/-/string.prototype.trimstart-1.0.4.tgz",
			"integrity": "sha512-jh6e984OBfvxS50tdY2nRZnoC5/mLFKOREQfw8t5yytkoUsJRNxvI/E39qu1sD0OtWI3OC0XgKSmcWwziwYuZw==",
			"dev": true,
			"requires": {
				"call-bind": "^1.0.2",
				"define-properties": "^1.1.3"
			}
		},
		"to-regex-range": {
			"version": "5.0.1",
			"resolved": "https://registry.npmjs.org/to-regex-range/-/to-regex-range-5.0.1.tgz",
			"integrity": "sha512-65P7iz6X5yEr1cwcgvQxbbIw7Uk3gOy5dIdtZ4rDveLqhrdJP+Li/Hx6tyK0NEb+2GCyneCMJiGqrADCSNk8sQ==",
			"requires": {
				"is-number": "^7.0.0"
			}
		},
		"unbox-primitive": {
			"version": "1.0.0",
			"resolved": "https://registry.npmjs.org/unbox-primitive/-/unbox-primitive-1.0.0.tgz",
			"integrity": "sha512-P/51NX+JXyxK/aigg1/ZgyccdAxm5K1+n8+tvqSntjOivPt19gvm1VC49RWYetsiub8WViUchdxl/KWHHB0kzA==",
			"dev": true,
			"requires": {
				"function-bind": "^1.1.1",
				"has-bigints": "^1.0.0",
				"has-symbols": "^1.0.0",
				"which-boxed-primitive": "^1.0.1"
			}
		},
		"util.promisify": {
			"version": "1.1.1",
			"resolved": "https://registry.npmjs.org/util.promisify/-/util.promisify-1.1.1.tgz",
			"integrity": "sha512-/s3UsZUrIfa6xDhr7zZhnE9SLQ5RIXyYfiVnMMyMDzOc8WhWN4Nbh36H842OyurKbCDAesZOJaVyvmSl6fhGQw==",
			"dev": true,
			"requires": {
				"call-bind": "^1.0.0",
				"define-properties": "^1.1.3",
				"for-each": "^0.3.3",
				"has-symbols": "^1.0.1",
				"object.getownpropertydescriptors": "^2.1.1"
			}
		},
		"uuid": {
			"version": "8.3.2",
			"resolved": "https://registry.npmjs.org/uuid/-/uuid-8.3.2.tgz",
			"integrity": "sha512-+NYs2QeMWy+GWFOEm9xnn6HCDp0l7QBD7ml8zLUmJ+93Q5NF0NocErnwkTkXVFNiX3/fpC6afS8Dhb/gz7R7eg==",
			"dev": true
		},
		"which-boxed-primitive": {
			"version": "1.0.2",
			"resolved": "https://registry.npmjs.org/which-boxed-primitive/-/which-boxed-primitive-1.0.2.tgz",
			"integrity": "sha512-bwZdv0AKLpplFY2KZRX6TvyuN7ojjr7lwkg6ml0roIy9YeuSr7JS372qlNW18UQYzgYK9ziGcerWqZOmEn9VNg==",
			"dev": true,
			"requires": {
				"is-bigint": "^1.0.1",
				"is-boolean-object": "^1.1.0",
				"is-number-object": "^1.0.4",
				"is-string": "^1.0.5",
				"is-symbol": "^1.0.3"
			}
		},
		"yallist": {
			"version": "4.0.0",
			"resolved": "https://registry.npmjs.org/yallist/-/yallist-4.0.0.tgz",
			"integrity": "sha512-3wdGidZyq5PB084XLES5TpOSRA3wjXAlIWMhum2kRcv/41Sn2emQ0dycQW4uZXLejwKvg6EsvbdlVL+FYEct7A==",
			"dev": true
		}
	}
}
